Microsoft Visual Studio Solution File, Format Version 11.00
# Visual Studio 2008

Project("{E720DADD-148A-D7B2-17E5-887E373C0E27}") = "Isometric-shooter-Unity3d-", "Assembly-CSharp.csproj", "{334C369F-2F69-8F17-7EA1-505F01E4DDA8}"
EndProject
Project("{E720DADD-148A-D7B2-17E5-887E373C0E27}") = "Isometric-shooter-Unity3d-", "Assembly-CSharp-Editor.csproj", "{81467FE8-DD44-5008-82EF-672558FA356E}"
EndProject
Global
	GlobalSection(SolutionConfigurationPlatforms) = preSolution
		Debug|Any CPU = Debug|Any CPU
		Release|Any CPU = Release|Any CPU
	EndGlobalSection
	GlobalSection(ProjectConfigurationPlatforms) = postSolution
		{334C369F-2F69-8F17-7EA1-505F01E4DDA8}.Debug|Any CPU.ActiveCfg = Debug|Any CPU
		{334C369F-2F69-8F17-7EA1-505F01E4DDA8}.Debug|Any CPU.Build.0 = Debug|Any CPU
		{334C369F-2F69-8F17-7EA1-505F01E4DDA8}.Release|Any CPU.ActiveCfg = Release|Any CPU
		{334C369F-2F69-8F17-7EA1-505F01E4DDA8}.Release|Any CPU.Build.0 = Release|Any CPU
		{81467FE8-DD44-5008-82EF-672558FA356E}.Debug|Any CPU.ActiveCfg = Debug|Any CPU
		{81467FE8-DD44-5008-82EF-672558FA356E}.Debug|Any CPU.Build.0 = Debug|Any CPU
		{81467FE8-DD44-5008-82EF-672558FA356E}.Release|Any CPU.ActiveCfg = Release|Any CPU
		{81467FE8-DD44-5008-82EF-672558FA356E}.Release|Any CPU.Build.0 = Release|Any CPU
	EndGlobalSection
	GlobalSection(SolutionProperties) = preSolution
		HideSolutionNode = FALSE
	EndGlobalSection
	GlobalSection(MonoDevelopProperties) = preSolution
		StartupItem = Assembly-CSharp.csproj
	EndGlobalSection
EndGlobal
