
Microsoft Visual Studio Solution File, Format Version 12.00
# Visual Studio 2013
Project("{FAE04EC0-301F-11D3-BF4B-00C04F79EFBC}") = "UnityVS.IsometricShooter.CSharp", "UnityVS.IsometricShooter.CSharp.csproj", "{FEB76861-3B13-1E6C-C5A0-D72ACB0CD83A}"
EndProject
Global
	GlobalSection(SolutionConfigurationPlatforms) = preSolution
		Debug|Any CPU = Debug|Any CPU
		Release|Any CPU = Release|Any CPU
	EndGlobalSection
	GlobalSection(ProjectConfigurationPlatforms) = postSolution
		{FEB76861-3B13-1E6C-C5A0-D72ACB0CD83A}.Debug|Any CPU.ActiveCfg = Debug|Any CPU
		{FEB76861-3B13-1E6C-C5A0-D72ACB0CD83A}.Debug|Any CPU.Build.0 = Debug|Any CPU
		{FEB76861-3B13-1E6C-C5A0-D72ACB0CD83A}.Release|Any CPU.ActiveCfg = Release|Any CPU
		{FEB76861-3B13-1E6C-C5A0-D72ACB0CD83A}.Release|Any CPU.Build.0 = Release|Any CPU
	EndGlobalSection
	GlobalSection(SolutionProperties) = preSolution
		HideSolutionNode = FALSE
	EndGlobalSection
EndGlobal
